
Microsoft Visual Studio Solution File, Format Version 12.00
# Visual Studio 15
Project("{FAE04EC0-301F-11D3-BF4B-00C04F79EFBC}") = "UniHumanoid", "UniHumanoid.csproj", "{F97B1373-DD17-6596-E9CD-A80E59B2DDEE}"
EndProject
Project("{FAE04EC0-301F-11D3-BF4B-00C04F79EFBC}") = "SpringBoneJobs", "SpringBoneJobs.csproj", "{34F7E6FB-2350-433C-60D0-6A2B21F52B83}"
EndProject
Project("{FAE04EC0-301F-11D3-BF4B-00C04F79EFBC}") = "UniGLTF.Editor", "UniGLTF.Editor.csproj", "{7C1DB292-C9F2-7B54-4212-CC2AF1BB4985}"
EndProject
Project("{FAE04EC0-301F-11D3-BF4B-00C04F79EFBC}") = "UniGLTF", "UniGLTF.csproj", "{062B7370-4D88-0265-5B85-985CCC26D1D7}"
EndProject
Project("{FAE04EC0-301F-11D3-BF4B-00C04F79EFBC}") = "VRM", "VRM.csproj", "{2A31E405-2648-3643-8122-935C73B0F3DC}"
EndProject
Project("{FAE04EC0-301F-11D3-BF4B-00C04F79EFBC}") = "Assembly-CSharp-Editor", "Assembly-CSharp-Editor.csproj", "{08040F8A-BE5E-F84B-7CE2-9F08EB1167BF}"
EndProject
Project("{FAE04EC0-301F-11D3-BF4B-00C04F79EFBC}") = "UniGLTF.Tests", "UniGLTF.Tests.csproj", "{1AAE834B-34B1-2AD1-A5C0-3E72B2E97463}"
EndProject
Project("{FAE04EC0-301F-11D3-BF4B-00C04F79EFBC}") = "MToon", "MToon.csproj", "{3795EF82-3892-6928-DE84-A4AD85916ED5}"
EndProject
Project("{FAE04EC0-301F-11D3-BF4B-00C04F79EFBC}") = "UniVRM.Editor", "UniVRM.Editor.csproj", "{BE0F34C0-91BF-1DF3-F68E-C9454292052B}"
EndProject
Project("{FAE04EC0-301F-11D3-BF4B-00C04F79EFBC}") = "VRM.Tests", "VRM.Tests.csproj", "{B1E3C6CF-E7FA-86C7-64F3-BF8D62225CAD}"
EndProject
Project("{FAE04EC0-301F-11D3-BF4B-00C04F79EFBC}") = "MToon.Editor", "MToon.Editor.csproj", "{BFAC1190-F885-A90B-842A-CD18A03050EB}"
EndProject
Project("{FAE04EC0-301F-11D3-BF4B-00C04F79EFBC}") = "UniHumanoid.Editor", "UniHumanoid.Editor.csproj", "{D694ADA0-80AA-6D19-E8D3-6E0AC12F2D43}"
EndProject
Project("{FAE04EC0-301F-11D3-BF4B-00C04F79EFBC}") = "VRM.Samples.Editor.Tests", "VRM.Samples.Editor.Tests.csproj", "{23E4F058-ED3D-667C-C106-4BD326A197AB}"
EndProject
Project("{FAE04EC0-301F-11D3-BF4B-00C04F79EFBC}") = "UniGLTF.UniUnlit", "UniGLTF.UniUnlit.csproj", "{0F1F2F17-3E49-7832-43F5-409247A61852}"
EndProject
Project("{FAE04EC0-301F-11D3-BF4B-00C04F79EFBC}") = "UniHumanoid.Editor.Tests", "UniHumanoid.Editor.Tests.csproj", "{E41E3780-DF0E-BA21-B9B5-B765296599B3}"
EndProject
Project("{FAE04EC0-301F-11D3-BF4B-00C04F79EFBC}") = "UniGLTF.UniUnlit.Editor", "UniGLTF.UniUnlit.Editor.csproj", "{D21E4C46-35BC-46E0-A7AE-42E356123292}"
EndProject
Project("{FAE04EC0-301F-11D3-BF4B-00C04F79EFBC}") = "Assembly-CSharp", "Assembly-CSharp.csproj", "{4CE07701-134F-9DD0-F36C-F385BB4D61DF}"
EndProject
Project("{FAE04EC0-301F-11D3-BF4B-00C04F79EFBC}") = "UniGLTF.Utils", "UniGLTF.Utils.csproj", "{DE3A8B17-56D3-2534-2AF4-0577F848F9AB}"
EndProject
Global
	GlobalSection(SolutionConfigurationPlatforms) = preSolution
		Debug|Any CPU = Debug|Any CPU
		Release|Any CPU = Release|Any CPU
	EndGlobalSection
	GlobalSection(ProjectConfigurationPlatforms) = postSolution
		{F97B1373-DD17-6596-E9CD-A80E59B2DDEE}.Debug|Any CPU.ActiveCfg = Debug|Any CPU
		{F97B1373-DD17-6596-E9CD-A80E59B2DDEE}.Debug|Any CPU.Build.0 = Debug|Any CPU
		{F97B1373-DD17-6596-E9CD-A80E59B2DDEE}.Release|Any CPU.ActiveCfg = Release|Any CPU
		{F97B1373-DD17-6596-E9CD-A80E59B2DDEE}.Release|Any CPU.Build.0 = Release|Any CPU
		{34F7E6FB-2350-433C-60D0-6A2B21F52B83}.Debug|Any CPU.ActiveCfg = Debug|Any CPU
		{34F7E6FB-2350-433C-60D0-6A2B21F52B83}.Debug|Any CPU.Build.0 = Debug|Any CPU
		{34F7E6FB-2350-433C-60D0-6A2B21F52B83}.Release|Any CPU.ActiveCfg = Release|Any CPU
		{34F7E6FB-2350-433C-60D0-6A2B21F52B83}.Release|Any CPU.Build.0 = Release|Any CPU
		{7C1DB292-C9F2-7B54-4212-CC2AF1BB4985}.Debug|Any CPU.ActiveCfg = Debug|Any CPU
		{7C1DB292-C9F2-7B54-4212-CC2AF1BB4985}.Debug|Any CPU.Build.0 = Debug|Any CPU
		{7C1DB292-C9F2-7B54-4212-CC2AF1BB4985}.Release|Any CPU.ActiveCfg = Release|Any CPU
		{7C1DB292-C9F2-7B54-4212-CC2AF1BB4985}.Release|Any CPU.Build.0 = Release|Any CPU
		{062B7370-4D88-0265-5B85-985CCC26D1D7}.Debug|Any CPU.ActiveCfg = Debug|Any CPU
		{062B7370-4D88-0265-5B85-985CCC26D1D7}.Debug|Any CPU.Build.0 = Debug|Any CPU
		{062B7370-4D88-0265-5B85-985CCC26D1D7}.Release|Any CPU.ActiveCfg = Release|Any CPU
		{062B7370-4D88-0265-5B85-985CCC26D1D7}.Release|Any CPU.Build.0 = Release|Any CPU
		{2A31E405-2648-3643-8122-935C73B0F3DC}.Debug|Any CPU.ActiveCfg = Debug|Any CPU
		{2A31E405-2648-3643-8122-935C73B0F3DC}.Debug|Any CPU.Build.0 = Debug|Any CPU
		{2A31E405-2648-3643-8122-935C73B0F3DC}.Release|Any CPU.ActiveCfg = Release|Any CPU
		{2A31E405-2648-3643-8122-935C73B0F3DC}.Release|Any CPU.Build.0 = Release|Any CPU
		{08040F8A-BE5E-F84B-7CE2-9F08EB1167BF}.Debug|Any CPU.ActiveCfg = Debug|Any CPU
		{08040F8A-BE5E-F84B-7CE2-9F08EB1167BF}.Debug|Any CPU.Build.0 = Debug|Any CPU
		{08040F8A-BE5E-F84B-7CE2-9F08EB1167BF}.Release|Any CPU.ActiveCfg = Release|Any CPU
		{08040F8A-BE5E-F84B-7CE2-9F08EB1167BF}.Release|Any CPU.Build.0 = Release|Any CPU
		{1AAE834B-34B1-2AD1-A5C0-3E72B2E97463}.Debug|Any CPU.ActiveCfg = Debug|Any CPU
		{1AAE834B-34B1-2AD1-A5C0-3E72B2E97463}.Debug|Any CPU.Build.0 = Debug|Any CPU
		{1AAE834B-34B1-2AD1-A5C0-3E72B2E97463}.Release|Any CPU.ActiveCfg = Release|Any CPU
		{1AAE834B-34B1-2AD1-A5C0-3E72B2E97463}.Release|Any CPU.Build.0 = Release|Any CPU
		{3795EF82-3892-6928-DE84-A4AD85916ED5}.Debug|Any CPU.ActiveCfg = Debug|Any CPU
		{3795EF82-3892-6928-DE84-A4AD85916ED5}.Debug|Any CPU.Build.0 = Debug|Any CPU
		{3795EF82-3892-6928-DE84-A4AD85916ED5}.Release|Any CPU.ActiveCfg = Release|Any CPU
		{3795EF82-3892-6928-DE84-A4AD85916ED5}.Release|Any CPU.Build.0 = Release|Any CPU
		{BE0F34C0-91BF-1DF3-F68E-C9454292052B}.Debug|Any CPU.ActiveCfg = Debug|Any CPU
		{BE0F34C0-91BF-1DF3-F68E-C9454292052B}.Debug|Any CPU.Build.0 = Debug|Any CPU
		{BE0F34C0-91BF-1DF3-F68E-C9454292052B}.Release|Any CPU.ActiveCfg = Release|Any CPU
		{BE0F34C0-91BF-1DF3-F68E-C9454292052B}.Release|Any CPU.Build.0 = Release|Any CPU
		{B1E3C6CF-E7FA-86C7-64F3-BF8D62225CAD}.Debug|Any CPU.ActiveCfg = Debug|Any CPU
		{B1E3C6CF-E7FA-86C7-64F3-BF8D62225CAD}.Debug|Any CPU.Build.0 = Debug|Any CPU
		{B1E3C6CF-E7FA-86C7-64F3-BF8D62225CAD}.Release|Any CPU.ActiveCfg = Release|Any CPU
		{B1E3C6CF-E7FA-86C7-64F3-BF8D62225CAD}.Release|Any CPU.Build.0 = Release|Any CPU
		{BFAC1190-F885-A90B-842A-CD18A03050EB}.Debug|Any CPU.ActiveCfg = Debug|Any CPU
		{BFAC1190-F885-A90B-842A-CD18A03050EB}.Debug|Any CPU.Build.0 = Debug|Any CPU
		{BFAC1190-F885-A90B-842A-CD18A03050EB}.Release|Any CPU.ActiveCfg = Release|Any CPU
		{BFAC1190-F885-A90B-842A-CD18A03050EB}.Release|Any CPU.Build.0 = Release|Any CPU
		{D694ADA0-80AA-6D19-E8D3-6E0AC12F2D43}.Debug|Any CPU.ActiveCfg = Debug|Any CPU
		{D694ADA0-80AA-6D19-E8D3-6E0AC12F2D43}.Debug|Any CPU.Build.0 = Debug|Any CPU
		{D694ADA0-80AA-6D19-E8D3-6E0AC12F2D43}.Release|Any CPU.ActiveCfg = Release|Any CPU
		{D694ADA0-80AA-6D19-E8D3-6E0AC12F2D43}.Release|Any CPU.Build.0 = Release|Any CPU
		{23E4F058-ED3D-667C-C106-4BD326A197AB}.Debug|Any CPU.ActiveCfg = Debug|Any CPU
		{23E4F058-ED3D-667C-C106-4BD326A197AB}.Debug|Any CPU.Build.0 = Debug|Any CPU
		{23E4F058-ED3D-667C-C106-4BD326A197AB}.Release|Any CPU.ActiveCfg = Release|Any CPU
		{23E4F058-ED3D-667C-C106-4BD326A197AB}.Release|Any CPU.Build.0 = Release|Any CPU
		{0F1F2F17-3E49-7832-43F5-409247A61852}.Debug|Any CPU.ActiveCfg = Debug|Any CPU
		{0F1F2F17-3E49-7832-43F5-409247A61852}.Debug|Any CPU.Build.0 = Debug|Any CPU
		{0F1F2F17-3E49-7832-43F5-409247A61852}.Release|Any CPU.ActiveCfg = Release|Any CPU
		{0F1F2F17-3E49-7832-43F5-409247A61852}.Release|Any CPU.Build.0 = Release|Any CPU
		{E41E3780-DF0E-BA21-B9B5-B765296599B3}.Debug|Any CPU.ActiveCfg = Debug|Any CPU
		{E41E3780-DF0E-BA21-B9B5-B765296599B3}.Debug|Any CPU.Build.0 = Debug|Any CPU
		{E41E3780-DF0E-BA21-B9B5-B765296599B3}.Release|Any CPU.ActiveCfg = Release|Any CPU
		{E41E3780-DF0E-BA21-B9B5-B765296599B3}.Release|Any CPU.Build.0 = Release|Any CPU
		{D21E4C46-35BC-46E0-A7AE-42E356123292}.Debug|Any CPU.ActiveCfg = Debug|Any CPU
		{D21E4C46-35BC-46E0-A7AE-42E356123292}.Debug|Any CPU.Build.0 = Debug|Any CPU
		{D21E4C46-35BC-46E0-A7AE-42E356123292}.Release|Any CPU.ActiveCfg = Release|Any CPU
		{D21E4C46-35BC-46E0-A7AE-42E356123292}.Release|Any CPU.Build.0 = Release|Any CPU
		{4CE07701-134F-9DD0-F36C-F385BB4D61DF}.Debug|Any CPU.ActiveCfg = Debug|Any CPU
		{4CE07701-134F-9DD0-F36C-F385BB4D61DF}.Debug|Any CPU.Build.0 = Debug|Any CPU
		{4CE07701-134F-9DD0-F36C-F385BB4D61DF}.Release|Any CPU.ActiveCfg = Release|Any CPU
		{4CE07701-134F-9DD0-F36C-F385BB4D61DF}.Release|Any CPU.Build.0 = Release|Any CPU
		{DE3A8B17-56D3-2534-2AF4-0577F848F9AB}.Debug|Any CPU.ActiveCfg = Debug|Any CPU
		{DE3A8B17-56D3-2534-2AF4-0577F848F9AB}.Debug|Any CPU.Build.0 = Debug|Any CPU
		{DE3A8B17-56D3-2534-2AF4-0577F848F9AB}.Release|Any CPU.ActiveCfg = Release|Any CPU
		{DE3A8B17-56D3-2534-2AF4-0577F848F9AB}.Release|Any CPU.Build.0 = Release|Any CPU
	EndGlobalSection
	GlobalSection(SolutionProperties) = preSolution
		HideSolutionNode = FALSE
	EndGlobalSection
EndGlobal
